
Microsoft Visual Studio Solution File, Format Version 12.00
# Visual Studio 15
VisualStudioVersion = 15.0.28307.572
MinimumVisualStudioVersion = 10.0.40219.1
Project("{FAE04EC0-301F-11D3-BF4B-00C04F79EFBC}") = "BooksApi", "BooksApi\BooksApi.csproj", "{360EFD2C-6000-4A9F-AD49-888EA7E4A0A5}"
EndProject
Global
	GlobalSection(SolutionConfigurationPlatforms) = preSolution
		Debug|Any CPU = Debug|Any CPU
		Release|Any CPU = Release|Any CPU
	EndGlobalSection
	GlobalSection(ProjectConfigurationPlatforms) = postSolution
		{360EFD2C-6000-4A9F-AD49-888EA7E4A0A5}.Debug|Any CPU.ActiveCfg = Debug|Any CPU
		{360EFD2C-6000-4A9F-AD49-888EA7E4A0A5}.Debug|Any CPU.Build.0 = Debug|Any CPU
		{360EFD2C-6000-4A9F-AD49-888EA7E4A0A5}.Release|Any CPU.ActiveCfg = Release|Any CPU
		{360EFD2C-6000-4A9F-AD49-888EA7E4A0A5}.Release|Any CPU.Build.0 = Release|Any CPU
	EndGlobalSection
	GlobalSection(SolutionProperties) = preSolution
		HideSolutionNode = FALSE
	EndGlobalSection
	GlobalSection(ExtensibilityGlobals) = postSolution
		SolutionGuid = {DA35A4ED-6D76-48D0-ADEF-FDE2063422C1}
	EndGlobalSection
EndGlobal
